{
  "name": "zora-reporters",
  "version": "1.0.0",
  "lockfileVersion": 1,
  "requires": true,
  "dependencies": {
    "@lorenzofox3/for-await": {
      "version": "0.2.1",
      "resolved": "https://registry.npmjs.org/@lorenzofox3/for-await/-/for-await-0.2.1.tgz",
      "integrity": "sha512-fMpDQioAnl0a97Y3sKTpX8iWidQ1EkmsGh09YTnQrwBgRBZAbBaMF5WGdfYPUMY7qWiQuvDqgwKbuyvW6MRDBA=="
    },
    "arg": {
      "version": "5.0.0",
      "resolved": "https://registry.npmjs.org/arg/-/arg-5.0.0.tgz",
      "integrity": "sha512-4P8Zm2H+BRS+c/xX1LrHw0qKpEhdlZjLCgWy+d78T9vqa2Z2SiD2wMrYuWIAFy5IZUD7nnNXroRttz+0RzlrzQ=="
    },
    "colorette": {
      "version": "1.2.2",
      "resolved": "https://registry.npmjs.org/colorette/-/colorette-1.2.2.tgz",
      "integrity": "sha512-MKGMzyfeuutC/ZJ1cba9NqcNpfeqMUcYmyF1ZFY6/Cn7CNSAKx6a+s48sqLqyAiZuaP2TcqMhoo+dlwFnVxT9w=="
    }
  }
}
