{
  "name": "zora-reporters",
  "version": "1.0.0",
  "lockfileVersion": 2,
  "requires": true,
  "packages": {
    "": {
      "name": "zora-reporters",
      "version": "1.0.0",
      "license": "MIT",
      "dependencies": {
        "@lorenzofox3/for-await": "~0.2.1",
        "arg": "~5.0.0",
        "colorette": "~1.2.2",
        "diff": "~5.0.0"
      }
    },
    "node_modules/@lorenzofox3/for-await": {
      "version": "0.2.1",
      "resolved": "https://registry.npmjs.org/@lorenzofox3/for-await/-/for-await-0.2.1.tgz",
      "integrity": "sha512-fMpDQioAnl0a97Y3sKTpX8iWidQ1EkmsGh09YTnQrwBgRBZAbBaMF5WGdfYPUMY7qWiQuvDqgwKbuyvW6MRDBA==",
      "engines": {
        "node": ">=9.3.0"
      }
    },
    "node_modules/arg": {
      "version": "5.0.0",
      "resolved": "https://registry.npmjs.org/arg/-/arg-5.0.0.tgz",
      "integrity": "sha512-4P8Zm2H+BRS+c/xX1LrHw0qKpEhdlZjLCgWy+d78T9vqa2Z2SiD2wMrYuWIAFy5IZUD7nnNXroRttz+0RzlrzQ=="
    },
    "node_modules/colorette": {
      "version": "1.2.2",
      "resolved": "https://registry.npmjs.org/colorette/-/colorette-1.2.2.tgz",
      "integrity": "sha512-MKGMzyfeuutC/ZJ1cba9NqcNpfeqMUcYmyF1ZFY6/Cn7CNSAKx6a+s48sqLqyAiZuaP2TcqMhoo+dlwFnVxT9w=="
    },
    "node_modules/diff": {
      "version": "5.0.0",
      "resolved": "https://registry.npmjs.org/diff/-/diff-5.0.0.tgz",
      "integrity": "sha512-/VTCrvm5Z0JGty/BWHljh+BAiw3IK+2j87NGMu8Nwc/f48WoDAC395uomO9ZD117ZOBaHmkX1oyLvkVM/aIT3w==",
      "engines": {
        "node": ">=0.3.1"
      }
    }
  },
  "dependencies": {
    "@lorenzofox3/for-await": {
      "version": "0.2.1",
      "resolved": "https://registry.npmjs.org/@lorenzofox3/for-await/-/for-await-0.2.1.tgz",
      "integrity": "sha512-fMpDQioAnl0a97Y3sKTpX8iWidQ1EkmsGh09YTnQrwBgRBZAbBaMF5WGdfYPUMY7qWiQuvDqgwKbuyvW6MRDBA=="
    },
    "arg": {
      "version": "5.0.0",
      "resolved": "https://registry.npmjs.org/arg/-/arg-5.0.0.tgz",
      "integrity": "sha512-4P8Zm2H+BRS+c/xX1LrHw0qKpEhdlZjLCgWy+d78T9vqa2Z2SiD2wMrYuWIAFy5IZUD7nnNXroRttz+0RzlrzQ=="
    },
    "colorette": {
      "version": "1.2.2",
      "resolved": "https://registry.npmjs.org/colorette/-/colorette-1.2.2.tgz",
      "integrity": "sha512-MKGMzyfeuutC/ZJ1cba9NqcNpfeqMUcYmyF1ZFY6/Cn7CNSAKx6a+s48sqLqyAiZuaP2TcqMhoo+dlwFnVxT9w=="
    },
    "diff": {
      "version": "5.0.0",
      "resolved": "https://registry.npmjs.org/diff/-/diff-5.0.0.tgz",
      "integrity": "sha512-/VTCrvm5Z0JGty/BWHljh+BAiw3IK+2j87NGMu8Nwc/f48WoDAC395uomO9ZD117ZOBaHmkX1oyLvkVM/aIT3w=="
    }
  }
}
